
Microsoft Visual Studio Solution File, Format Version 12.00
# Visual Studio Version 16
VisualStudioVersion = 16.0.33328.57
MinimumVisualStudioVersion = 10.0.40219.1
Project("{FAE04EC0-301F-11D3-BF4B-00C04F79EFBC}") = "FileAds", "FileAds.csproj", "{891E8576-3F7A-4E4C-B92D-8F58837F7BE4}"
EndProject
Global
	GlobalSection(SolutionConfigurationPlatforms) = preSolution
		Debug|Any CPU = Debug|Any CPU
		Release|Any CPU = Release|Any CPU
	EndGlobalSection
	GlobalSection(ProjectConfigurationPlatforms) = postSolution
		{891E8576-3F7A-4E4C-B92D-8F58837F7BE4}.Debug|Any CPU.ActiveCfg = Debug|Any CPU
		{891E8576-3F7A-4E4C-B92D-8F58837F7BE4}.Debug|Any CPU.Build.0 = Debug|Any CPU
		{891E8576-3F7A-4E4C-B92D-8F58837F7BE4}.Release|Any CPU.ActiveCfg = Release|Any CPU
		{891E8576-3F7A-4E4C-B92D-8F58837F7BE4}.Release|Any CPU.Build.0 = Release|Any CPU
	EndGlobalSection
	GlobalSection(SolutionProperties) = preSolution
		HideSolutionNode = FALSE
	EndGlobalSection
	GlobalSection(ExtensibilityGlobals) = postSolution
		SolutionGuid = {92E3996C-417B-4B45-A5E1-38F755340BEF}
	EndGlobalSection
EndGlobal
